
Microsoft Visual Studio Solution File, Format Version 12.00
# Visual Studio 15
VisualStudioVersion = 15.0.28307.168
MinimumVisualStudioVersion = 10.0.40219.1
Project("{9A19103F-16F7-4668-BE54-9A1E7A4F7556}") = "EntityExtension", "EntityExtension\EntityExtension.csproj", "{85DAA936-5F28-4645-B4B1-509DB6A58726}"
EndProject
Project("{2150E333-8FDC-42A3-9474-1A3956D46DE8}") = "Attribute", "Attribute", "{2A6F6629-979D-4403-BE77-DA600A4318A9}"
EndProject
Project("{2150E333-8FDC-42A3-9474-1A3956D46DE8}") = "BaseModel", "BaseModel", "{794F6A2A-0BB7-40E8-B91C-D68A97B482C1}"
EndProject
Project("{2150E333-8FDC-42A3-9474-1A3956D46DE8}") = "CRUD", "CRUD", "{27C6379D-17B0-4EA9-9765-00D93B78BA21}"
EndProject
Project("{2150E333-8FDC-42A3-9474-1A3956D46DE8}") = "Parse", "Parse", "{D81A5948-BEA5-4643-808F-EFD4711A83E3}"
EndProject
Project("{2150E333-8FDC-42A3-9474-1A3956D46DE8}") = "Transaction", "Transaction", "{C7CBF34D-CDC5-42BA-9FEC-A95B88FF2087}"
EndProject
Project("{2150E333-8FDC-42A3-9474-1A3956D46DE8}") = "Connecion", "Connecion", "{916F3398-727B-4E8D-8D3A-12BC9A2D9913}"
EndProject
Project("{2150E333-8FDC-42A3-9474-1A3956D46DE8}") = "Enum", "Enum", "{D398F65C-73A8-4974-872B-6BD6CE00D78A}"
EndProject
Project("{2150E333-8FDC-42A3-9474-1A3956D46DE8}") = "Common", "Common", "{402E810E-5556-4A79-ABE9-C5880A0C8F65}"
EndProject
Project("{2150E333-8FDC-42A3-9474-1A3956D46DE8}") = "DataTable", "DataTable", "{0F8942B2-488D-48A4-B85D-E7EAD69B51B0}"
EndProject
Project("{FAE04EC0-301F-11D3-BF4B-00C04F79EFBC}") = "EE.Attribute", "EE.Attribute\EE.Attribute.csproj", "{D23247DE-8AC4-4B7F-BCAB-80CE2D3D6485}"
EndProject
Project("{FAE04EC0-301F-11D3-BF4B-00C04F79EFBC}") = "EE.BaseModel", "EE.BaseModel\EE.BaseModel.csproj", "{3D5F5510-BA76-45A5-9D8C-32B77A8877E3}"
EndProject
Project("{FAE04EC0-301F-11D3-BF4B-00C04F79EFBC}") = "EE.Common", "EE.Common\EE.Common.csproj", "{808929D3-1230-441A-B2BF-7FBEA86D93A0}"
EndProject
Project("{FAE04EC0-301F-11D3-BF4B-00C04F79EFBC}") = "EE.Connection", "EE.Connection\EE.Connection.csproj", "{63DFB3F1-06D3-49A9-A15A-4D51619BC830}"
EndProject
Project("{FAE04EC0-301F-11D3-BF4B-00C04F79EFBC}") = "EE.CRUD", "EE.CRUD\EE.CRUD.csproj", "{3A80AFF8-3195-4F7C-9DC4-E56B6FA484A5}"
EndProject
Project("{FAE04EC0-301F-11D3-BF4B-00C04F79EFBC}") = "EE.DataTable", "EE.DataTable\EE.DataTable.csproj", "{5157D886-2E19-4C17-8F81-AE3F915673B9}"
EndProject
Project("{FAE04EC0-301F-11D3-BF4B-00C04F79EFBC}") = "EE.Enum", "EE.Enum\EE.Enum.csproj", "{17DA42F8-21D3-492B-A054-C720333F0523}"
EndProject
Project("{FAE04EC0-301F-11D3-BF4B-00C04F79EFBC}") = "EE.Parse", "EE.Parse\EE.Parse.csproj", "{3AC4CAE2-9255-4DB3-995B-E7B8906428A0}"
EndProject
Project("{FAE04EC0-301F-11D3-BF4B-00C04F79EFBC}") = "EE.Transaction", "EE.Transaction\EE.Transaction.csproj", "{09BB4552-E7C0-411E-8502-E36AE6705D05}"
EndProject
Project("{2150E333-8FDC-42A3-9474-1A3956D46DE8}") = "Document", "Document", "{1CD724D3-31F9-4C25-8C11-B8192BDBDAC9}"
EndProject
Project("{FAE04EC0-301F-11D3-BF4B-00C04F79EFBC}") = "EE.Document", "EE.Document\EE.Document.csproj", "{5DC776F7-B5D4-4469-B725-C0A95BD38B0A}"
EndProject
Global
	GlobalSection(SolutionConfigurationPlatforms) = preSolution
		Debug|Any CPU = Debug|Any CPU
		Release|Any CPU = Release|Any CPU
	EndGlobalSection
	GlobalSection(ProjectConfigurationPlatforms) = postSolution
		{85DAA936-5F28-4645-B4B1-509DB6A58726}.Debug|Any CPU.ActiveCfg = Debug|Any CPU
		{85DAA936-5F28-4645-B4B1-509DB6A58726}.Debug|Any CPU.Build.0 = Debug|Any CPU
		{85DAA936-5F28-4645-B4B1-509DB6A58726}.Release|Any CPU.ActiveCfg = Release|Any CPU
		{85DAA936-5F28-4645-B4B1-509DB6A58726}.Release|Any CPU.Build.0 = Release|Any CPU
		{D23247DE-8AC4-4B7F-BCAB-80CE2D3D6485}.Debug|Any CPU.ActiveCfg = Debug|Any CPU
		{D23247DE-8AC4-4B7F-BCAB-80CE2D3D6485}.Debug|Any CPU.Build.0 = Debug|Any CPU
		{D23247DE-8AC4-4B7F-BCAB-80CE2D3D6485}.Release|Any CPU.ActiveCfg = Release|Any CPU
		{D23247DE-8AC4-4B7F-BCAB-80CE2D3D6485}.Release|Any CPU.Build.0 = Release|Any CPU
		{3D5F5510-BA76-45A5-9D8C-32B77A8877E3}.Debug|Any CPU.ActiveCfg = Debug|Any CPU
		{3D5F5510-BA76-45A5-9D8C-32B77A8877E3}.Debug|Any CPU.Build.0 = Debug|Any CPU
		{3D5F5510-BA76-45A5-9D8C-32B77A8877E3}.Release|Any CPU.ActiveCfg = Release|Any CPU
		{3D5F5510-BA76-45A5-9D8C-32B77A8877E3}.Release|Any CPU.Build.0 = Release|Any CPU
		{808929D3-1230-441A-B2BF-7FBEA86D93A0}.Debug|Any CPU.ActiveCfg = Debug|Any CPU
		{808929D3-1230-441A-B2BF-7FBEA86D93A0}.Debug|Any CPU.Build.0 = Debug|Any CPU
		{808929D3-1230-441A-B2BF-7FBEA86D93A0}.Release|Any CPU.ActiveCfg = Release|Any CPU
		{808929D3-1230-441A-B2BF-7FBEA86D93A0}.Release|Any CPU.Build.0 = Release|Any CPU
		{63DFB3F1-06D3-49A9-A15A-4D51619BC830}.Debug|Any CPU.ActiveCfg = Debug|Any CPU
		{63DFB3F1-06D3-49A9-A15A-4D51619BC830}.Debug|Any CPU.Build.0 = Debug|Any CPU
		{63DFB3F1-06D3-49A9-A15A-4D51619BC830}.Release|Any CPU.ActiveCfg = Release|Any CPU
		{63DFB3F1-06D3-49A9-A15A-4D51619BC830}.Release|Any CPU.Build.0 = Release|Any CPU
		{3A80AFF8-3195-4F7C-9DC4-E56B6FA484A5}.Debug|Any CPU.ActiveCfg = Debug|Any CPU
		{3A80AFF8-3195-4F7C-9DC4-E56B6FA484A5}.Debug|Any CPU.Build.0 = Debug|Any CPU
		{3A80AFF8-3195-4F7C-9DC4-E56B6FA484A5}.Release|Any CPU.ActiveCfg = Release|Any CPU
		{3A80AFF8-3195-4F7C-9DC4-E56B6FA484A5}.Release|Any CPU.Build.0 = Release|Any CPU
		{5157D886-2E19-4C17-8F81-AE3F915673B9}.Debug|Any CPU.ActiveCfg = Debug|Any CPU
		{5157D886-2E19-4C17-8F81-AE3F915673B9}.Debug|Any CPU.Build.0 = Debug|Any CPU
		{5157D886-2E19-4C17-8F81-AE3F915673B9}.Release|Any CPU.ActiveCfg = Release|Any CPU
		{5157D886-2E19-4C17-8F81-AE3F915673B9}.Release|Any CPU.Build.0 = Release|Any CPU
		{17DA42F8-21D3-492B-A054-C720333F0523}.Debug|Any CPU.ActiveCfg = Debug|Any CPU
		{17DA42F8-21D3-492B-A054-C720333F0523}.Debug|Any CPU.Build.0 = Debug|Any CPU
		{17DA42F8-21D3-492B-A054-C720333F0523}.Release|Any CPU.ActiveCfg = Release|Any CPU
		{17DA42F8-21D3-492B-A054-C720333F0523}.Release|Any CPU.Build.0 = Release|Any CPU
		{3AC4CAE2-9255-4DB3-995B-E7B8906428A0}.Debug|Any CPU.ActiveCfg = Debug|Any CPU
		{3AC4CAE2-9255-4DB3-995B-E7B8906428A0}.Debug|Any CPU.Build.0 = Debug|Any CPU
		{3AC4CAE2-9255-4DB3-995B-E7B8906428A0}.Release|Any CPU.ActiveCfg = Release|Any CPU
		{3AC4CAE2-9255-4DB3-995B-E7B8906428A0}.Release|Any CPU.Build.0 = Release|Any CPU
		{09BB4552-E7C0-411E-8502-E36AE6705D05}.Debug|Any CPU.ActiveCfg = Debug|Any CPU
		{09BB4552-E7C0-411E-8502-E36AE6705D05}.Debug|Any CPU.Build.0 = Debug|Any CPU
		{09BB4552-E7C0-411E-8502-E36AE6705D05}.Release|Any CPU.ActiveCfg = Release|Any CPU
		{09BB4552-E7C0-411E-8502-E36AE6705D05}.Release|Any CPU.Build.0 = Release|Any CPU
		{5DC776F7-B5D4-4469-B725-C0A95BD38B0A}.Debug|Any CPU.ActiveCfg = Debug|Any CPU
		{5DC776F7-B5D4-4469-B725-C0A95BD38B0A}.Debug|Any CPU.Build.0 = Debug|Any CPU
		{5DC776F7-B5D4-4469-B725-C0A95BD38B0A}.Release|Any CPU.ActiveCfg = Release|Any CPU
		{5DC776F7-B5D4-4469-B725-C0A95BD38B0A}.Release|Any CPU.Build.0 = Release|Any CPU
	EndGlobalSection
	GlobalSection(SolutionProperties) = preSolution
		HideSolutionNode = FALSE
	EndGlobalSection
	GlobalSection(NestedProjects) = preSolution
		{D23247DE-8AC4-4B7F-BCAB-80CE2D3D6485} = {2A6F6629-979D-4403-BE77-DA600A4318A9}
		{3D5F5510-BA76-45A5-9D8C-32B77A8877E3} = {794F6A2A-0BB7-40E8-B91C-D68A97B482C1}
		{808929D3-1230-441A-B2BF-7FBEA86D93A0} = {402E810E-5556-4A79-ABE9-C5880A0C8F65}
		{63DFB3F1-06D3-49A9-A15A-4D51619BC830} = {916F3398-727B-4E8D-8D3A-12BC9A2D9913}
		{3A80AFF8-3195-4F7C-9DC4-E56B6FA484A5} = {27C6379D-17B0-4EA9-9765-00D93B78BA21}
		{5157D886-2E19-4C17-8F81-AE3F915673B9} = {0F8942B2-488D-48A4-B85D-E7EAD69B51B0}
		{17DA42F8-21D3-492B-A054-C720333F0523} = {D398F65C-73A8-4974-872B-6BD6CE00D78A}
		{3AC4CAE2-9255-4DB3-995B-E7B8906428A0} = {D81A5948-BEA5-4643-808F-EFD4711A83E3}
		{09BB4552-E7C0-411E-8502-E36AE6705D05} = {C7CBF34D-CDC5-42BA-9FEC-A95B88FF2087}
		{5DC776F7-B5D4-4469-B725-C0A95BD38B0A} = {1CD724D3-31F9-4C25-8C11-B8192BDBDAC9}
	EndGlobalSection
	GlobalSection(ExtensibilityGlobals) = postSolution
		SolutionGuid = {3EDE83BE-7146-40CC-898A-4C2B7F9F6BE6}
	EndGlobalSection
EndGlobal
